// !$*UTF8*$!
{
	archiveVersion = 1;
	classes = {
	};
	objectVersion = 46;
	objects = {

/* Begin PBXBuildFile section */
		8476198C1EA6C1D9005BB671 /* main.m in Sources */ = {isa = PBXBuildFile; fileRef = 8476198B1EA6C1D9005BB671 /* main.m */; };
		847619941EA6C1F5005BB671 /* CoreBrightness.framework in Frameworks */ = {isa = PBXBuildFile; fileRef = 847619931EA6C1F5005BB671 /* CoreBrightness.framework */; };
/* End PBXBuildFile section */

/* Begin PBXCopyFilesBuildPhase section */
		847619861EA6C1D9005BB671 /* CopyFiles */ = {
			isa = PBXCopyFilesBuildPhase;
			buildActionMask = 2147483647;
			dstPath = /usr/share/man/man1/;
			dstSubfolderSpec = 0;
			files = (
			);
			runOnlyForDeploymentPostprocessing = 1;
		};
/* End PBXCopyFilesBuildPhase section */

/* Begin PBXFileReference section */
		847619881EA6C1D9005BB671 /* nshift */ = {isa = PBXFileReference; explicitFileType = "compiled.mach-o.executable"; includeInIndex = 0; path = nshift; sourceTree = BUILT_PRODUCTS_DIR; };
		8476198B1EA6C1D9005BB671 /* main.m */ = {isa = PBXFileReference; lastKnownFileType = sourcecode.c.objc; path = main.m; sourceTree = "<group>"; };
		847619931EA6C1F5005BB671 /* CoreBrightness.framework */ = {isa = PBXFileReference; lastKnownFileType = wrapper.framework; name = CoreBrightness.framework; path = ../../../../System/Library/PrivateFrameworks/CoreBrightness.framework; sourceTree = "<group>"; };
		847619951EA6C7C8005BB671 /* README.md */ = {isa = PBXFileReference; lastKnownFileType = net.daringfireball.markdown; path = README.md; sourceTree = "<group>"; };
		847619961EA6C893005BB671 /* CBBlueLightClient.h */ = {isa = PBXFileReference; lastKnownFileType = sourcecode.c.h; path = CBBlueLightClient.h; sourceTree = "<group>"; };
		84AAAFA91EAB1837008E4ED8 /* LICENSE.txt */ = {isa = PBXFileReference; lastKnownFileType = text; path = LICENSE.txt; sourceTree = "<group>"; };
/* End PBXFileReference section */

/* Begin PBXFrameworksBuildPhase section */
		847619851EA6C1D9005BB671 /* Frameworks */ = {
			isa = PBXFrameworksBuildPhase;
			buildActionMask = 2147483647;
			files = (
				847619941EA6C1F5005BB671 /* CoreBrightness.framework in Frameworks */,
			);
			runOnlyForDeploymentPostprocessing = 0;
		};
/* End PBXFrameworksBuildPhase section */

/* Begin PBXGroup section */
		8476197F1EA6C1D9005BB671 = {
			isa = PBXGroup;
			children = (
				8476198A1EA6C1D9005BB671 /* nshift */,
				847619891EA6C1D9005BB671 /* Products */,
				847619921EA6C1F5005BB671 /* Frameworks */,
			);
			sourceTree = "<group>";
		};
		847619891EA6C1D9005BB671 /* Products */ = {
			isa = PBXGroup;
			children = (
				847619881EA6C1D9005BB671 /* nshift */,
			);
			name = Products;
			sourceTree = "<group>";
		};
		8476198A1EA6C1D9005BB671 /* nshift */ = {
			isa = PBXGroup;
			children = (
				8476198B1EA6C1D9005BB671 /* main.m */,
				847619961EA6C893005BB671 /* CBBlueLightClient.h */,
				84AAAFA91EAB1837008E4ED8 /* LICENSE.txt */,
				847619951EA6C7C8005BB671 /* README.md */,
			);
			path = nshift;
			sourceTree = "<group>";
		};
		847619921EA6C1F5005BB671 /* Frameworks */ = {
			isa = PBXGroup;
			children = (
				847619931EA6C1F5005BB671 /* CoreBrightness.framework */,
			);
			name = Frameworks;
			sourceTree = "<group>";
		};
/* End PBXGroup section */

/* Begin PBXNativeTarget section */
		847619871EA6C1D9005BB671 /* nshift */ = {
			isa = PBXNativeTarget;
			buildConfigurationList = 8476198F1EA6C1D9005BB671 /* Build configuration list for PBXNativeTarget "nshift" */;
			buildPhases = (
				847619841EA6C1D9005BB671 /* Sources */,
				847619851EA6C1D9005BB671 /* Frameworks */,
				847619861EA6C1D9005BB671 /* CopyFiles */,
			);
			buildRules = (
			);
			dependencies = (
			);
			name = nshift;
			productName = nshift;
			productReference = 847619881EA6C1D9005BB671 /* nshift */;
			productType = "com.apple.product-type.tool";
		};
/* End PBXNativeTarget section */

/* Begin PBXProject section */
		847619801EA6C1D9005BB671 /* Project object */ = {
			isa = PBXProject;
			attributes = {
				LastUpgradeCheck = 0830;
				TargetAttributes = {
					847619871EA6C1D9005BB671 = {
						CreatedOnToolsVersion = 8.3;
						ProvisioningStyle = Automatic;
					};
				};
			};
			buildConfigurationList = 847619831EA6C1D9005BB671 /* Build configuration list for PBXProject "nshift" */;
			compatibilityVersion = "Xcode 3.2";
			developmentRegion = English;
			hasScannedForEncodings = 0;
			knownRegions = (
				en,
			);
			mainGroup = 8476197F1EA6C1D9005BB671;
			productRefGroup = 847619891EA6C1D9005BB671 /* Products */;
			projectDirPath = "";
			projectRoot = "";
			targets = (
				847619871EA6C1D9005BB671 /* nshift */,
			);
		};
/* End PBXProject section */

/* Begin PBXSourcesBuildPhase section */
		847619841EA6C1D9005BB671 /* Sources */ = {
			isa = PBXSourcesBuildPhase;
			buildActionMask = 2147483647;
			files = (
				8476198C1EA6C1D9005BB671 /* main.m in Sources */,
			);
			runOnlyForDeploymentPostprocessing = 0;
		};
/* End PBXSourcesBuildPhase section */

/* Begin XCBuildConfiguration section */
		8476198D1EA6C1D9005BB671 /* Debug */ = {
			isa = XCBuildConfiguration;
			buildSettings = {
				ALWAYS_SEARCH_USER_PATHS = NO;
				CLANG_ANALYZER_NONNULL = YES;
				CLANG_ANALYZER_NUMBER_OBJECT_CONVERSION = YES_AGGRESSIVE;
				CLANG_CXX_LANGUAGE_STANDARD = "gnu++0x";
				CLANG_CXX_LIBRARY = "libc++";
				CLANG_ENABLE_MODULES = YES;
				CLANG_ENABLE_OBJC_ARC = YES;
				CLANG_WARN_BOOL_CONVERSION = YES;
				CLANG_WARN_CONSTANT_CONVERSION = YES;
				CLANG_WARN_DIRECT_OBJC_ISA_USAGE = YES_ERROR;
				CLANG_WARN_DOCUMENTATION_COMMENTS = YES;
				CLANG_WARN_EMPTY_BODY = YES;
				CLANG_WARN_ENUM_CONVERSION = YES;
				CLANG_WARN_INFINITE_RECURSION = YES;
				CLANG_WARN_INT_CONVERSION = YES;
				CLANG_WARN_OBJC_ROOT_CLASS = YES_ERROR;
				CLANG_WARN_SUSPICIOUS_MOVE = YES;
				CLANG_WARN_UNREACHABLE_CODE = YES;
				CLANG_WARN__DUPLICATE_METHOD_MATCH = YES;
				CODE_SIGN_IDENTITY = "-";
				COPY_PHASE_STRIP = NO;
				DEBUG_INFORMATION_FORMAT = dwarf;
				ENABLE_STRICT_OBJC_MSGSEND = YES;
				ENABLE_TESTABILITY = YES;
				GCC_C_LANGUAGE_STANDARD = gnu99;
				GCC_DYNAMIC_NO_PIC = NO;
				GCC_NO_COMMON_BLOCKS = YES;
				GCC_OPTIMIZATION_LEVEL = 0;
				GCC_PREPROCESSOR_DEFINITIONS = (
					"DEBUG=1",
					"$(inherited)",
				);
				GCC_WARN_64_TO_32_BIT_CONVERSION = YES;
				GCC_WARN_ABOUT_RETURN_TYPE = YES_ERROR;
				GCC_WARN_UNDECLARED_SELECTOR = YES;
				GCC_WARN_UNINITIALIZED_AUTOS = YES_AGGRESSIVE;
				GCC_WARN_UNUSED_FUNCTION = YES;
				GCC_WARN_UNUSED_VARIABLE = YES;
				MACOSX_DEPLOYMENT_TARGET = 10.12;
				MTL_ENABLE_DEBUG_INFO = YES;
				ONLY_ACTIVE_ARCH = YES;
				SDKROOT = macosx;
			};
			name = Debug;
		};
		8476198E1EA6C1D9005BB671 /* Release */ = {
			isa = XCBuildConfiguration;
			buildSettings = {
				ALWAYS_SEARCH_USER_PATHS = NO;
				CLANG_ANALYZER_NONNULL = YES;
				CLANG_ANALYZER_NUMBER_OBJECT_CONVERSION = YES_AGGRESSIVE;
				CLANG_CXX_LANGUAGE_STANDARD = "gnu++0x";
				CLANG_CXX_LIBRARY = "libc++";
				CLANG_ENABLE_MODULES = YES;
				CLANG_ENABLE_OBJC_ARC = YES;
				CLANG_WARN_BOOL_CONVERSION = YES;
				CLANG_WARN_CONSTANT_CONVERSION = YES;
				CLANG_WARN_DIRECT_OBJC_ISA_USAGE = YES_ERROR;
				CLANG_WARN_DOCUMENTATION_COMMENTS = YES;
				CLANG_WARN_EMPTY_BODY = YES;
				CLANG_WARN_ENUM_CONVERSION = YES;
				CLANG_WARN_INFINITE_RECURSION = YES;
				CLANG_WARN_INT_CONVERSION = YES;
				CLANG_WARN_OBJC_ROOT_CLASS = YES_ERROR;
				CLANG_WARN_SUSPICIOUS_MOVE = YES;
				CLANG_WARN_UNREACHABLE_CODE = YES;
				CLANG_WARN__DUPLICATE_METHOD_MATCH = YES;
				CODE_SIGN_IDENTITY = "-";
				COPY_PHASE_STRIP = NO;
				DEBUG_INFORMATION_FORMAT = "dwarf-with-dsym";
				ENABLE_NS_ASSERTIONS = NO;
				ENABLE_STRICT_OBJC_MSGSEND = YES;
				GCC_C_LANGUAGE_STANDARD = gnu99;
				GCC_NO_COMMON_BLOCKS = YES;
				GCC_WARN_64_TO_32_BIT_CONVERSION = YES;
				GCC_WARN_ABOUT_RETURN_TYPE = YES_ERROR;
				GCC_WARN_UNDECLARED_SELECTOR = YES;
				GCC_WARN_UNINITIALIZED_AUTOS = YES_AGGRESSIVE;
				GCC_WARN_UNUSED_FUNCTION = YES;
				GCC_WARN_UNUSED_VARIABLE = YES;
				MACOSX_DEPLOYMENT_TARGET = 10.12;
				MTL_ENABLE_DEBUG_INFO = NO;
				SDKROOT = macosx;
			};
			name = Release;
		};
		847619901EA6C1D9005BB671 /* Debug */ = {
			isa = XCBuildConfiguration;
			buildSettings = {
				FRAMEWORK_SEARCH_PATHS = (
					"$(inherited)",
					"$(SYSTEM_LIBRARY_DIR)/PrivateFrameworks",
				);
				PRODUCT_NAME = "$(TARGET_NAME)";
			};
			name = Debug;
		};
		847619911EA6C1D9005BB671 /* Release */ = {
			isa = XCBuildConfiguration;
			buildSettings = {
				FRAMEWORK_SEARCH_PATHS = (
					"$(inherited)",
					"$(SYSTEM_LIBRARY_DIR)/PrivateFrameworks",
				);
				PRODUCT_NAME = "$(TARGET_NAME)";
			};
			name = Release;
		};
/* End XCBuildConfiguration section */

/* Begin XCConfigurationList section */
		847619831EA6C1D9005BB671 /* Build configuration list for PBXProject "nshift" */ = {
			isa = XCConfigurationList;
			buildConfigurations = (
				8476198D1EA6C1D9005BB671 /* Debug */,
				8476198E1EA6C1D9005BB671 /* Release */,
			);
			defaultConfigurationIsVisible = 0;
			defaultConfigurationName = Release;
		};
		8476198F1EA6C1D9005BB671 /* Build configuration list for PBXNativeTarget "nshift" */ = {
			isa = XCConfigurationList;
			buildConfigurations = (
				847619901EA6C1D9005BB671 /* Debug */,
				847619911EA6C1D9005BB671 /* Release */,
			);
			defaultConfigurationIsVisible = 0;
			defaultConfigurationName = Release;
		};
/* End XCConfigurationList section */
	};
	rootObject = 847619801EA6C1D9005BB671 /* Project object */;
}
